{
    "name": "cron-consumer",
    "version": "1.0.0",
    "lockfileVersion": 3,
    "requires": true,
    "packages": {
        "": {
            "name": "cron-consumer",
            "version": "1.0.0",
            "dependencies": {
                "kafkajs": "^2.0.0",
                "node-cron": "^3.0.0"
            },
            "devDependencies": {
                "@types/node-cron": "^3.0.11",
                "typescript": "^4.0.0"
            }
        },
        "node_modules/@types/node-cron": {
            "version": "3.0.11",
            "resolved": "https://registry.npmjs.org/@types/node-cron/-/node-cron-3.0.11.tgz",
            "integrity": "sha512-0ikrnug3/IyneSHqCBeslAhlK2aBfYek1fGo4bP4QnZPmiqSGRK+Oy7ZMisLWkesffJvQ1cqAcBnJC+8+nxIAg==",
            "dev": true
        },
        "node_modules/kafkajs": {
            "version": "2.2.4",
            "resolved": "https://registry.npmjs.org/kafkajs/-/kafkajs-2.2.4.tgz",
            "integrity": "sha512-j/YeapB1vfPT2iOIUn/vxdyKEuhuY2PxMBvf5JWux6iSaukAccrMtXEY/Lb7OvavDhOWME589bpLrEdnVHjfjA==",
            "engines": {
                "node": ">=14.0.0"
            }
        },
        "node_modules/node-cron": {
            "version": "3.0.3",
            "resolved": "https://registry.npmjs.org/node-cron/-/node-cron-3.0.3.tgz",
            "integrity": "sha512-dOal67//nohNgYWb+nWmg5dkFdIwDm8EpeGYMekPMrngV3637lqnX0lbUcCtgibHTz6SEz7DAIjKvKDFYCnO1A==",
            "dependencies": {
                "uuid": "8.3.2"
            },
            "engines": {
                "node": ">=6.0.0"
            }
        },
        "node_modules/typescript": {
            "version": "4.9.5",
            "resolved": "https://registry.npmjs.org/typescript/-/typescript-4.9.5.tgz",
            "integrity": "sha512-1FXk9E2Hm+QzZQ7z+McJiHL4NW1F2EzMu9Nq9i3zAaGqibafqYwCVU6WyWAuyQRRzOlxou8xZSyXLEN8oKj24g==",
            "dev": true,
            "bin": {
                "tsc": "bin/tsc",
                "tsserver": "bin/tsserver"
            },
            "engines": {
                "node": ">=4.2.0"
            }
        },
        "node_modules/uuid": {
            "version": "8.3.2",
            "resolved": "https://registry.npmjs.org/uuid/-/uuid-8.3.2.tgz",
            "integrity": "sha512-+NYs2QeMWy+GWFOEm9xnn6HCDp0l7QBD7ml8zLUmJ+93Q5NF0NocErnwkTkXVFNiX3/fpC6afS8Dhb/gz7R7eg==",
            "bin": {
                "uuid": "dist/bin/uuid"
            }
        }
    }
}
